// !$*UTF8*$!
{
	archiveVersion = 1;
	classes = {
	};
	objectVersion = 77;
	objects = {

/* Begin PBXContainerItemProxy section */
		A07A71352D68F62A0007956A /* PBXContainerItemProxy */ = {
			isa = PBXContainerItemProxy;
			containerPortal = A07A711C2D68F6280007956A /* Project object */;
			proxyType = 1;
			remoteGlobalIDString = A07A71232D68F6280007956A;
			remoteInfo = Smart_Keyboard;
		};
		A07A713F2D68F62A0007956A /* PBXContainerItemProxy */ = {
			isa = PBXContainerItemProxy;
			containerPortal = A07A711C2D68F6280007956A /* Project object */;
			proxyType = 1;
			remoteGlobalIDString = A07A71232D68F6280007956A;
			remoteInfo = Smart_Keyboard;
		};
/* End PBXContainerItemProxy section */

/* Begin PBXFileReference section */
		A07A71242D68F6280007956A /* Smart_Keyboard.app */ = {isa = PBXFileReference; explicitFileType = wrapper.application; includeInIndex = 0; path = Smart_Keyboard.app; sourceTree = BUILT_PRODUCTS_DIR; };
		A07A71342D68F62A0007956A /* Smart_KeyboardTests.xctest */ = {isa = PBXFileReference; explicitFileType = wrapper.cfbundle; includeInIndex = 0; path = Smart_KeyboardTests.xctest; sourceTree = BUILT_PRODUCTS_DIR; };
		A07A713E2D68F62A0007956A /* Smart_KeyboardUITests.xctest */ = {isa = PBXFileReference; explicitFileType = wrapper.cfbundle; includeInIndex = 0; path = Smart_KeyboardUITests.xctest; sourceTree = BUILT_PRODUCTS_DIR; };
/* End PBXFileReference section */

/* Begin PBXFileSystemSynchronizedRootGroup section */
		A07A71262D68F6280007956A /* Smart_Keyboard */ = {
			isa = PBXFileSystemSynchronizedRootGroup;
			path = Smart_Keyboard;
			sourceTree = "<group>";
		};
		A07A71372D68F62A0007956A /* Smart_KeyboardTests */ = {
			isa = PBXFileSystemSynchronizedRootGroup;
			path = Smart_KeyboardTests;
			sourceTree = "<group>";
		};
		A07A71412D68F62A0007956A /* Smart_KeyboardUITests */ = {
			isa = PBXFileSystemSynchronizedRootGroup;
			path = Smart_KeyboardUITests;
			sourceTree = "<group>";
		};
/* End PBXFileSystemSynchronizedRootGroup section */

/* Begin PBXFrameworksBuildPhase section */
		A07A71212D68F6280007956A /* Frameworks */ = {
			isa = PBXFrameworksBuildPhase;
			buildActionMask = 2147483647;
			files = (
			);
			runOnlyForDeploymentPostprocessing = 0;
		};
		A07A71312D68F62A0007956A /* Frameworks */ = {
			isa = PBXFrameworksBuildPhase;
			buildActionMask = 2147483647;
			files = (
			);
			runOnlyForDeploymentPostprocessing = 0;
		};
		A07A713B2D68F62A0007956A /* Frameworks */ = {
			isa = PBXFrameworksBuildPhase;
			buildActionMask = 2147483647;
			files = (
			);
			runOnlyForDeploymentPostprocessing = 0;
		};
/* End PBXFrameworksBuildPhase section */

/* Begin PBXGroup section */
		A07A711B2D68F6280007956A = {
			isa = PBXGroup;
			children = (
				A07A71262D68F6280007956A /* Smart_Keyboard */,
				A07A71372D68F62A0007956A /* Smart_KeyboardTests */,
				A07A71412D68F62A0007956A /* Smart_KeyboardUITests */,
				A07A71252D68F6280007956A /* Products */,
			);
			sourceTree = "<group>";
		};
		A07A71252D68F6280007956A /* Products */ = {
			isa = PBXGroup;
			children = (
				A07A71242D68F6280007956A /* Smart_Keyboard.app */,
				A07A71342D68F62A0007956A /* Smart_KeyboardTests.xctest */,
				A07A713E2D68F62A0007956A /* Smart_KeyboardUITests.xctest */,
			);
			name = Products;
			sourceTree = "<group>";
		};
/* End PBXGroup section */

/* Begin PBXNativeTarget section */
		A07A71232D68F6280007956A /* Smart_Keyboard */ = {
			isa = PBXNativeTarget;
			buildConfigurationList = A07A71482D68F62A0007956A /* Build configuration list for PBXNativeTarget "Smart_Keyboard" */;
			buildPhases = (
				A07A71202D68F6280007956A /* Sources */,
				A07A71212D68F6280007956A /* Frameworks */,
				A07A71222D68F6280007956A /* Resources */,
			);
			buildRules = (
			);
			dependencies = (
			);
			fileSystemSynchronizedGroups = (
				A07A71262D68F6280007956A /* Smart_Keyboard */,
			);
			name = Smart_Keyboard;
			packageProductDependencies = (
			);
			productName = Smart_Keyboard;
			productReference = A07A71242D68F6280007956A /* Smart_Keyboard.app */;
			productType = "com.apple.product-type.application";
		};
		A07A71332D68F62A0007956A /* Smart_KeyboardTests */ = {
			isa = PBXNativeTarget;
			buildConfigurationList = A07A714B2D68F62A0007956A /* Build configuration list for PBXNativeTarget "Smart_KeyboardTests" */;
			buildPhases = (
				A07A71302D68F62A0007956A /* Sources */,
				A07A71312D68F62A0007956A /* Frameworks */,
				A07A71322D68F62A0007956A /* Resources */,
			);
			buildRules = (
			);
			dependencies = (
				A07A71362D68F62A0007956A /* PBXTargetDependency */,
			);
			fileSystemSynchronizedGroups = (
				A07A71372D68F62A0007956A /* Smart_KeyboardTests */,
			);
			name = Smart_KeyboardTests;
			packageProductDependencies = (
			);
			productName = Smart_KeyboardTests;
			productReference = A07A71342D68F62A0007956A /* Smart_KeyboardTests.xctest */;
			productType = "com.apple.product-type.bundle.unit-test";
		};
		A07A713D2D68F62A0007956A /* Smart_KeyboardUITests */ = {
			isa = PBXNativeTarget;
			buildConfigurationList = A07A714E2D68F62A0007956A /* Build configuration list for PBXNativeTarget "Smart_KeyboardUITests" */;
			buildPhases = (
				A07A713A2D68F62A0007956A /* Sources */,
				A07A713B2D68F62A0007956A /* Frameworks */,
				A07A713C2D68F62A0007956A /* Resources */,
			);
			buildRules = (
			);
			dependencies = (
				A07A71402D68F62A0007956A /* PBXTargetDependency */,
			);
			fileSystemSynchronizedGroups = (
				A07A71412D68F62A0007956A /* Smart_KeyboardUITests */,
			);
			name = Smart_KeyboardUITests;
			packageProductDependencies = (
			);
			productName = Smart_KeyboardUITests;
			productReference = A07A713E2D68F62A0007956A /* Smart_KeyboardUITests.xctest */;
			productType = "com.apple.product-type.bundle.ui-testing";
		};
/* End PBXNativeTarget section */

/* Begin PBXProject section */
		A07A711C2D68F6280007956A /* Project object */ = {
			isa = PBXProject;
			attributes = {
				BuildIndependentTargetsInParallel = 1;
				LastSwiftUpdateCheck = 1620;
				LastUpgradeCheck = 1620;
				TargetAttributes = {
					A07A71232D68F6280007956A = {
						CreatedOnToolsVersion = 16.2;
					};
					A07A71332D68F62A0007956A = {
						CreatedOnToolsVersion = 16.2;
						TestTargetID = A07A71232D68F6280007956A;
					};
					A07A713D2D68F62A0007956A = {
						CreatedOnToolsVersion = 16.2;
						TestTargetID = A07A71232D68F6280007956A;
					};
				};
			};
			buildConfigurationList = A07A711F2D68F6280007956A /* Build configuration list for PBXProject "Smart_Keyboard" */;
			developmentRegion = en;
			hasScannedForEncodings = 0;
			knownRegions = (
				en,
				Base,
			);
			mainGroup = A07A711B2D68F6280007956A;
			minimizedProjectReferenceProxies = 1;
			preferredProjectObjectVersion = 77;
			productRefGroup = A07A71252D68F6280007956A /* Products */;
			projectDirPath = "";
			projectRoot = "";
			targets = (
				A07A71232D68F6280007956A /* Smart_Keyboard */,
				A07A71332D68F62A0007956A /* Smart_KeyboardTests */,
				A07A713D2D68F62A0007956A /* Smart_KeyboardUITests */,
			);
		};
/* End PBXProject section */

/* Begin PBXResourcesBuildPhase section */
		A07A71222D68F6280007956A /* Resources */ = {
			isa = PBXResourcesBuildPhase;
			buildActionMask = 2147483647;
			files = (
			);
			runOnlyForDeploymentPostprocessing = 0;
		};
		A07A71322D68F62A0007956A /* Resources */ = {
			isa = PBXResourcesBuildPhase;
			buildActionMask = 2147483647;
			files = (
			);
			runOnlyForDeploymentPostprocessing = 0;
		};
		A07A713C2D68F62A0007956A /* Resources */ = {
			isa = PBXResourcesBuildPhase;
			buildActionMask = 2147483647;
			files = (
			);
			runOnlyForDeploymentPostprocessing = 0;
		};
/* End PBXResourcesBuildPhase section */

/* Begin PBXSourcesBuildPhase section */
		A07A71202D68F6280007956A /* Sources */ = {
			isa = PBXSourcesBuildPhase;
			buildActionMask = 2147483647;
			files = (
			);
			runOnlyForDeploymentPostprocessing = 0;
		};
		A07A71302D68F62A0007956A /* Sources */ = {
			isa = PBXSourcesBuildPhase;
			buildActionMask = 2147483647;
			files = (
			);
			runOnlyForDeploymentPostprocessing = 0;
		};
		A07A713A2D68F62A0007956A /* Sources */ = {
			isa = PBXSourcesBuildPhase;
			buildActionMask = 2147483647;
			files = (
			);
			runOnlyForDeploymentPostprocessing = 0;
		};
/* End PBXSourcesBuildPhase section */

/* Begin PBXTargetDependency section */
		A07A71362D68F62A0007956A /* PBXTargetDependency */ = {
			isa = PBXTargetDependency;
			target = A07A71232D68F6280007956A /* Smart_Keyboard */;
			targetProxy = A07A71352D68F62A0007956A /* PBXContainerItemProxy */;
		};
		A07A71402D68F62A0007956A /* PBXTargetDependency */ = {
			isa = PBXTargetDependency;
			target = A07A71232D68F6280007956A /* Smart_Keyboard */;
			targetProxy = A07A713F2D68F62A0007956A /* PBXContainerItemProxy */;
		};
/* End PBXTargetDependency section */

/* Begin XCBuildConfiguration section */
		A07A71462D68F62A0007956A /* Debug */ = {
			isa = XCBuildConfiguration;
			buildSettings = {
				ALWAYS_SEARCH_USER_PATHS = NO;
				ASSETCATALOG_COMPILER_GENERATE_SWIFT_ASSET_SYMBOL_EXTENSIONS = YES;
				CLANG_ANALYZER_NONNULL = YES;
				CLANG_ANALYZER_NUMBER_OBJECT_CONVERSION = YES_AGGRESSIVE;
				CLANG_CXX_LANGUAGE_STANDARD = "gnu++20";
				CLANG_ENABLE_MODULES = YES;
				CLANG_ENABLE_OBJC_ARC = YES;
				CLANG_ENABLE_OBJC_WEAK = YES;
				CLANG_WARN_BLOCK_CAPTURE_AUTORELEASING = YES;
				CLANG_WARN_BOOL_CONVERSION = YES;
				CLANG_WARN_COMMA = YES;
				CLANG_WARN_CONSTANT_CONVERSION = YES;
				CLANG_WARN_DEPRECATED_OBJC_IMPLEMENTATIONS = YES;
				CLANG_WARN_DIRECT_OBJC_ISA_USAGE = YES_ERROR;
				CLANG_WARN_DOCUMENTATION_COMMENTS = YES;
				CLANG_WARN_EMPTY_BODY = YES;
				CLANG_WARN_ENUM_CONVERSION = YES;
				CLANG_WARN_INFINITE_RECURSION = YES;
				CLANG_WARN_INT_CONVERSION = YES;
				CLANG_WARN_NON_LITERAL_NULL_CONVERSION = YES;
				CLANG_WARN_OBJC_IMPLICIT_RETAIN_SELF = YES;
				CLANG_WARN_OBJC_LITERAL_CONVERSION = YES;
				CLANG_WARN_OBJC_ROOT_CLASS = YES_ERROR;
				CLANG_WARN_QUOTED_INCLUDE_IN_FRAMEWORK_HEADER = YES;
				CLANG_WARN_RANGE_LOOP_ANALYSIS = YES;
				CLANG_WARN_STRICT_PROTOTYPES = YES;
				CLANG_WARN_SUSPICIOUS_MOVE = YES;
				CLANG_WARN_UNGUARDED_AVAILABILITY = YES_AGGRESSIVE;
				CLANG_WARN_UNREACHABLE_CODE = YES;
				CLANG_WARN__DUPLICATE_METHOD_MATCH = YES;
				COPY_PHASE_STRIP = NO;
				DEBUG_INFORMATION_FORMAT = dwarf;
				ENABLE_STRICT_OBJC_MSGSEND = YES;
				ENABLE_TESTABILITY = YES;
				ENABLE_USER_SCRIPT_SANDBOXING = YES;
				GCC_C_LANGUAGE_STANDARD = gnu17;
				GCC_DYNAMIC_NO_PIC = NO;
				GCC_NO_COMMON_BLOCKS = YES;
				GCC_OPTIMIZATION_LEVEL = 0;
				GCC_PREPROCESSOR_DEFINITIONS = (
					"DEBUG=1",
					"$(inherited)",
				);
				GCC_WARN_64_TO_32_BIT_CONVERSION = YES;
				GCC_WARN_ABOUT_RETURN_TYPE = YES_ERROR;
				GCC_WARN_UNDECLARED_SELECTOR = YES;
				GCC_WARN_UNINITIALIZED_AUTOS = YES_AGGRESSIVE;
				GCC_WARN_UNUSED_FUNCTION = YES;
				GCC_WARN_UNUSED_VARIABLE = YES;
				IPHONEOS_DEPLOYMENT_TARGET = 18.2;
				LOCALIZATION_PREFERS_STRING_CATALOGS = YES;
				MTL_ENABLE_DEBUG_INFO = INCLUDE_SOURCE;
				MTL_FAST_MATH = YES;
				ONLY_ACTIVE_ARCH = YES;
				SDKROOT = iphoneos;
				SWIFT_ACTIVE_COMPILATION_CONDITIONS = "DEBUG $(inherited)";
				SWIFT_OPTIMIZATION_LEVEL = "-Onone";
			};
			name = Debug;
		};
		A07A71472D68F62A0007956A /* Release */ = {
			isa = XCBuildConfiguration;
			buildSettings = {
				ALWAYS_SEARCH_USER_PATHS = NO;
				ASSETCATALOG_COMPILER_GENERATE_SWIFT_ASSET_SYMBOL_EXTENSIONS = YES;
				CLANG_ANALYZER_NONNULL = YES;
				CLANG_ANALYZER_NUMBER_OBJECT_CONVERSION = YES_AGGRESSIVE;
				CLANG_CXX_LANGUAGE_STANDARD = "gnu++20";
				CLANG_ENABLE_MODULES = YES;
				CLANG_ENABLE_OBJC_ARC = YES;
				CLANG_ENABLE_OBJC_WEAK = YES;
				CLANG_WARN_BLOCK_CAPTURE_AUTORELEASING = YES;
				CLANG_WARN_BOOL_CONVERSION = YES;
				CLANG_WARN_COMMA = YES;
				CLANG_WARN_CONSTANT_CONVERSION = YES;
				CLANG_WARN_DEPRECATED_OBJC_IMPLEMENTATIONS = YES;
				CLANG_WARN_DIRECT_OBJC_ISA_USAGE = YES_ERROR;
				CLANG_WARN_DOCUMENTATION_COMMENTS = YES;
				CLANG_WARN_EMPTY_BODY = YES;
				CLANG_WARN_ENUM_CONVERSION = YES;
				CLANG_WARN_INFINITE_RECURSION = YES;
				CLANG_WARN_INT_CONVERSION = YES;
				CLANG_WARN_NON_LITERAL_NULL_CONVERSION = YES;
				CLANG_WARN_OBJC_IMPLICIT_RETAIN_SELF = YES;
				CLANG_WARN_OBJC_LITERAL_CONVERSION = YES;
				CLANG_WARN_OBJC_ROOT_CLASS = YES_ERROR;
				CLANG_WARN_QUOTED_INCLUDE_IN_FRAMEWORK_HEADER = YES;
				CLANG_WARN_RANGE_LOOP_ANALYSIS = YES;
				CLANG_WARN_STRICT_PROTOTYPES = YES;
				CLANG_WARN_SUSPICIOUS_MOVE = YES;
				CLANG_WARN_UNGUARDED_AVAILABILITY = YES_AGGRESSIVE;
				CLANG_WARN_UNREACHABLE_CODE = YES;
				CLANG_WARN__DUPLICATE_METHOD_MATCH = YES;
				COPY_PHASE_STRIP = NO;
				DEBUG_INFORMATION_FORMAT = "dwarf-with-dsym";
				ENABLE_NS_ASSERTIONS = NO;
				ENABLE_STRICT_OBJC_MSGSEND = YES;
				ENABLE_USER_SCRIPT_SANDBOXING = YES;
				GCC_C_LANGUAGE_STANDARD = gnu17;
				GCC_NO_COMMON_BLOCKS = YES;
				GCC_WARN_64_TO_32_BIT_CONVERSION = YES;
				GCC_WARN_ABOUT_RETURN_TYPE = YES_ERROR;
				GCC_WARN_UNDECLARED_SELECTOR = YES;
				GCC_WARN_UNINITIALIZED_AUTOS = YES_AGGRESSIVE;
				GCC_WARN_UNUSED_FUNCTION = YES;
				GCC_WARN_UNUSED_VARIABLE = YES;
				IPHONEOS_DEPLOYMENT_TARGET = 18.2;
				LOCALIZATION_PREFERS_STRING_CATALOGS = YES;
				MTL_ENABLE_DEBUG_INFO = NO;
				MTL_FAST_MATH = YES;
				SDKROOT = iphoneos;
				SWIFT_COMPILATION_MODE = wholemodule;
				VALIDATE_PRODUCT = YES;
			};
			name = Release;
		};
		A07A71492D68F62A0007956A /* Debug */ = {
			isa = XCBuildConfiguration;
			buildSettings = {
				ASSETCATALOG_COMPILER_APPICON_NAME = AppIcon;
				ASSETCATALOG_COMPILER_GLOBAL_ACCENT_COLOR_NAME = AccentColor;
				CODE_SIGN_IDENTITY = "Apple Development";
				CODE_SIGN_STYLE = Automatic;
				CURRENT_PROJECT_VERSION = 1;
				DEVELOPMENT_ASSET_PATHS = "\"Smart_Keyboard/Preview Content\"";
				DEVELOPMENT_TEAM = J62F6NUK7C;
				ENABLE_PREVIEWS = YES;
				GENERATE_INFOPLIST_FILE = YES;
				INFOPLIST_KEY_UIApplicationSceneManifest_Generation = YES;
				INFOPLIST_KEY_UIApplicationSupportsIndirectInputEvents = YES;
				INFOPLIST_KEY_UILaunchScreen_Generation = YES;
				INFOPLIST_KEY_UISupportedInterfaceOrientations_iPad = "UIInterfaceOrientationPortrait UIInterfaceOrientationPortraitUpsideDown UIInterfaceOrientationLandscapeLeft UIInterfaceOrientationLandscapeRight";
				INFOPLIST_KEY_UISupportedInterfaceOrientations_iPhone = "UIInterfaceOrientationPortrait UIInterfaceOrientationLandscapeLeft UIInterfaceOrientationLandscapeRight";
				LD_RUNPATH_SEARCH_PATHS = (
					"$(inherited)",
					"@executable_path/Frameworks",
				);
				MARKETING_VERSION = 1.0;
				PRODUCT_BUNDLE_IDENTIFIER = SmartAferistKeyboard;
				PRODUCT_NAME = "$(TARGET_NAME)";
				PROVISIONING_PROFILE_SPECIFIER = "";
				SWIFT_EMIT_LOC_STRINGS = YES;
				SWIFT_VERSION = 5.0;
				TARGETED_DEVICE_FAMILY = "1,2";
			};
			name = Debug;
		};
		A07A714A2D68F62A0007956A /* Release */ = {
			isa = XCBuildConfiguration;
			buildSettings = {
				ASSETCATALOG_COMPILER_APPICON_NAME = AppIcon;
				ASSETCATALOG_COMPILER_GLOBAL_ACCENT_COLOR_NAME = AccentColor;
				CODE_SIGN_IDENTITY = "Apple Development";
				CODE_SIGN_STYLE = Automatic;
				CURRENT_PROJECT_VERSION = 1;
				DEVELOPMENT_ASSET_PATHS = "\"Smart_Keyboard/Preview Content\"";
				DEVELOPMENT_TEAM = J62F6NUK7C;
				ENABLE_PREVIEWS = YES;
				GENERATE_INFOPLIST_FILE = YES;
				INFOPLIST_KEY_UIApplicationSceneManifest_Generation = YES;
				INFOPLIST_KEY_UIApplicationSupportsIndirectInputEvents = YES;
				INFOPLIST_KEY_UILaunchScreen_Generation = YES;
				INFOPLIST_KEY_UISupportedInterfaceOrientations_iPad = "UIInterfaceOrientationPortrait UIInterfaceOrientationPortraitUpsideDown UIInterfaceOrientationLandscapeLeft UIInterfaceOrientationLandscapeRight";
				INFOPLIST_KEY_UISupportedInterfaceOrientations_iPhone = "UIInterfaceOrientationPortrait UIInterfaceOrientationLandscapeLeft UIInterfaceOrientationLandscapeRight";
				LD_RUNPATH_SEARCH_PATHS = (
					"$(inherited)",
					"@executable_path/Frameworks",
				);
				MARKETING_VERSION = 1.0;
				PRODUCT_BUNDLE_IDENTIFIER = SmartAferistKeyboard;
				PRODUCT_NAME = "$(TARGET_NAME)";
				PROVISIONING_PROFILE_SPECIFIER = "";
				SWIFT_EMIT_LOC_STRINGS = YES;
				SWIFT_VERSION = 5.0;
				TARGETED_DEVICE_FAMILY = "1,2";
			};
			name = Release;
		};
		A07A714C2D68F62A0007956A /* Debug */ = {
			isa = XCBuildConfiguration;
			buildSettings = {
				BUNDLE_LOADER = "$(TEST_HOST)";
				"CODE_SIGN_IDENTITY[sdk=macosx*]" = "Apple Development";
				CODE_SIGN_STYLE = Automatic;
				CURRENT_PROJECT_VERSION = 1;
				DEVELOPMENT_TEAM = J62F6NUK7C;
				GENERATE_INFOPLIST_FILE = YES;
				IPHONEOS_DEPLOYMENT_TARGET = 18.2;
				MARKETING_VERSION = 1.0;
				PRODUCT_BUNDLE_IDENTIFIER = "Aferist.Smart-KeyboardTests";
				PRODUCT_NAME = "$(TARGET_NAME)";
				SWIFT_EMIT_LOC_STRINGS = NO;
				SWIFT_VERSION = 5.0;
				TARGETED_DEVICE_FAMILY = "1,2";
				TEST_HOST = "$(BUILT_PRODUCTS_DIR)/Smart_Keyboard.app/$(BUNDLE_EXECUTABLE_FOLDER_PATH)/Smart_Keyboard";
			};
			name = Debug;
		};
		A07A714D2D68F62A0007956A /* Release */ = {
			isa = XCBuildConfiguration;
			buildSettings = {
				BUNDLE_LOADER = "$(TEST_HOST)";
				"CODE_SIGN_IDENTITY[sdk=macosx*]" = "Apple Development";
				CODE_SIGN_STYLE = Automatic;
				CURRENT_PROJECT_VERSION = 1;
				DEVELOPMENT_TEAM = J62F6NUK7C;
				GENERATE_INFOPLIST_FILE = YES;
				IPHONEOS_DEPLOYMENT_TARGET = 18.2;
				MARKETING_VERSION = 1.0;
				PRODUCT_BUNDLE_IDENTIFIER = "Aferist.Smart-KeyboardTests";
				PRODUCT_NAME = "$(TARGET_NAME)";
				SWIFT_EMIT_LOC_STRINGS = NO;
				SWIFT_VERSION = 5.0;
				TARGETED_DEVICE_FAMILY = "1,2";
				TEST_HOST = "$(BUILT_PRODUCTS_DIR)/Smart_Keyboard.app/$(BUNDLE_EXECUTABLE_FOLDER_PATH)/Smart_Keyboard";
			};
			name = Release;
		};
		A07A714F2D68F62A0007956A /* Debug */ = {
			isa = XCBuildConfiguration;
			buildSettings = {
				"CODE_SIGN_IDENTITY[sdk=macosx*]" = "Apple Development";
				CODE_SIGN_STYLE = Automatic;
				CURRENT_PROJECT_VERSION = 1;
				DEVELOPMENT_TEAM = J62F6NUK7C;
				GENERATE_INFOPLIST_FILE = YES;
				MARKETING_VERSION = 1.0;
				PRODUCT_BUNDLE_IDENTIFIER = "Aferist.Smart-KeyboardUITests";
				PRODUCT_NAME = "$(TARGET_NAME)";
				SWIFT_EMIT_LOC_STRINGS = NO;
				SWIFT_VERSION = 5.0;
				TARGETED_DEVICE_FAMILY = "1,2";
				TEST_TARGET_NAME = Smart_Keyboard;
			};
			name = Debug;
		};
		A07A71502D68F62A0007956A /* Release */ = {
			isa = XCBuildConfiguration;
			buildSettings = {
				"CODE_SIGN_IDENTITY[sdk=macosx*]" = "Apple Development";
				CODE_SIGN_STYLE = Automatic;
				CURRENT_PROJECT_VERSION = 1;
				DEVELOPMENT_TEAM = J62F6NUK7C;
				GENERATE_INFOPLIST_FILE = YES;
				MARKETING_VERSION = 1.0;
				PRODUCT_BUNDLE_IDENTIFIER = "Aferist.Smart-KeyboardUITests";
				PRODUCT_NAME = "$(TARGET_NAME)";
				SWIFT_EMIT_LOC_STRINGS = NO;
				SWIFT_VERSION = 5.0;
				TARGETED_DEVICE_FAMILY = "1,2";
				TEST_TARGET_NAME = Smart_Keyboard;
			};
			name = Release;
		};
/* End XCBuildConfiguration section */

/* Begin XCConfigurationList section */
		A07A711F2D68F6280007956A /* Build configuration list for PBXProject "Smart_Keyboard" */ = {
			isa = XCConfigurationList;
			buildConfigurations = (
				A07A71462D68F62A0007956A /* Debug */,
				A07A71472D68F62A0007956A /* Release */,
			);
			defaultConfigurationIsVisible = 0;
			defaultConfigurationName = Release;
		};
		A07A71482D68F62A0007956A /* Build configuration list for PBXNativeTarget "Smart_Keyboard" */ = {
			isa = XCConfigurationList;
			buildConfigurations = (
				A07A71492D68F62A0007956A /* Debug */,
				A07A714A2D68F62A0007956A /* Release */,
			);
			defaultConfigurationIsVisible = 0;
			defaultConfigurationName = Release;
		};
		A07A714B2D68F62A0007956A /* Build configuration list for PBXNativeTarget "Smart_KeyboardTests" */ = {
			isa = XCConfigurationList;
			buildConfigurations = (
				A07A714C2D68F62A0007956A /* Debug */,
				A07A714D2D68F62A0007956A /* Release */,
			);
			defaultConfigurationIsVisible = 0;
			defaultConfigurationName = Release;
		};
		A07A714E2D68F62A0007956A /* Build configuration list for PBXNativeTarget "Smart_KeyboardUITests" */ = {
			isa = XCConfigurationList;
			buildConfigurations = (
				A07A714F2D68F62A0007956A /* Debug */,
				A07A71502D68F62A0007956A /* Release */,
			);
			defaultConfigurationIsVisible = 0;
			defaultConfigurationName = Release;
		};
/* End XCConfigurationList section */
	};
	rootObject = A07A711C2D68F6280007956A /* Project object */;
}
